
Microsoft Visual Studio Solution File, Format Version 12.00
# Visual Studio Version 16
VisualStudioVersion = 16.0.31624.102
MinimumVisualStudioVersion = 10.0.40219.1
Project("{FAE04EC0-301F-11D3-BF4B-00C04F79EFBC}") = "MacroscopTest.Android", "MacroscopTest\MacroscopTest.Android\MacroscopTest.Android.csproj", "{9D01628A-71E0-4E98-8FDA-7EBDD9BADB1F}"
EndProject
Project("{FAE04EC0-301F-11D3-BF4B-00C04F79EFBC}") = "MacroscopTest", "MacroscopTest\MacroscopTest\MacroscopTest.csproj", "{F3F1DDDF-2DB8-451A-A9F8-EAA8C91631FA}"
EndProject
Global
	GlobalSection(SolutionConfigurationPlatforms) = preSolution
		Debug|Any CPU = Debug|Any CPU
		Release|Any CPU = Release|Any CPU
	EndGlobalSection
	GlobalSection(ProjectConfigurationPlatforms) = postSolution
		{9D01628A-71E0-4E98-8FDA-7EBDD9BADB1F}.Debug|Any CPU.ActiveCfg = Debug|Any CPU
		{9D01628A-71E0-4E98-8FDA-7EBDD9BADB1F}.Debug|Any CPU.Build.0 = Debug|Any CPU
		{9D01628A-71E0-4E98-8FDA-7EBDD9BADB1F}.Debug|Any CPU.Deploy.0 = Debug|Any CPU
		{9D01628A-71E0-4E98-8FDA-7EBDD9BADB1F}.Release|Any CPU.ActiveCfg = Release|Any CPU
		{9D01628A-71E0-4E98-8FDA-7EBDD9BADB1F}.Release|Any CPU.Build.0 = Release|Any CPU
		{9D01628A-71E0-4E98-8FDA-7EBDD9BADB1F}.Release|Any CPU.Deploy.0 = Release|Any CPU
		{F3F1DDDF-2DB8-451A-A9F8-EAA8C91631FA}.Debug|Any CPU.ActiveCfg = Debug|Any CPU
		{F3F1DDDF-2DB8-451A-A9F8-EAA8C91631FA}.Debug|Any CPU.Build.0 = Debug|Any CPU
		{F3F1DDDF-2DB8-451A-A9F8-EAA8C91631FA}.Debug|Any CPU.Deploy.0 = Debug|Any CPU
		{F3F1DDDF-2DB8-451A-A9F8-EAA8C91631FA}.Release|Any CPU.ActiveCfg = Release|Any CPU
		{F3F1DDDF-2DB8-451A-A9F8-EAA8C91631FA}.Release|Any CPU.Build.0 = Release|Any CPU
		{F3F1DDDF-2DB8-451A-A9F8-EAA8C91631FA}.Release|Any CPU.Deploy.0 = Release|Any CPU
	EndGlobalSection
	GlobalSection(SolutionProperties) = preSolution
		HideSolutionNode = FALSE
	EndGlobalSection
	GlobalSection(ExtensibilityGlobals) = postSolution
		SolutionGuid = {F442871C-AE16-4DD8-848D-27FBF72A3866}
	EndGlobalSection
EndGlobal
